
Microsoft Visual Studio Solution File, Format Version 12.00
# Visual Studio Version 16
VisualStudioVersion = 16.0.31729.503
MinimumVisualStudioVersion = 10.0.40219.1
Project("{9A19103F-16F7-4668-BE54-9A1E7A4F7556}") = "Projetinho", "Projetinho.csproj", "{EEE986C8-F279-4C57-A7E5-72FC5D507B25}"
EndProject
Project("{54435603-DBB4-11D2-8724-00A0C9A8B90C}") = "Setup1", "..\Setup1\Setup1.vdproj", "{33847F90-214F-4382-B4B4-5DA44E30A664}"
EndProject
Global
	GlobalSection(SolutionConfigurationPlatforms) = preSolution
		Debug|Any CPU = Debug|Any CPU
		Release|Any CPU = Release|Any CPU
	EndGlobalSection
	GlobalSection(ProjectConfigurationPlatforms) = postSolution
		{EEE986C8-F279-4C57-A7E5-72FC5D507B25}.Debug|Any CPU.ActiveCfg = Debug|Any CPU
		{EEE986C8-F279-4C57-A7E5-72FC5D507B25}.Debug|Any CPU.Build.0 = Debug|Any CPU
		{EEE986C8-F279-4C57-A7E5-72FC5D507B25}.Release|Any CPU.ActiveCfg = Release|Any CPU
		{EEE986C8-F279-4C57-A7E5-72FC5D507B25}.Release|Any CPU.Build.0 = Release|Any CPU
		{33847F90-214F-4382-B4B4-5DA44E30A664}.Debug|Any CPU.ActiveCfg = Debug
		{33847F90-214F-4382-B4B4-5DA44E30A664}.Release|Any CPU.ActiveCfg = Release
	EndGlobalSection
	GlobalSection(SolutionProperties) = preSolution
		HideSolutionNode = FALSE
	EndGlobalSection
	GlobalSection(ExtensibilityGlobals) = postSolution
		SolutionGuid = {DC98A762-3D13-4F4A-8311-76B39EFC153D}
	EndGlobalSection
EndGlobal
